
Microsoft Visual Studio Solution File, Format Version 12.00
# Visual Studio 15
VisualStudioVersion = 15.0.27428.2005
MinimumVisualStudioVersion = 10.0.40219.1
Project("{FAE04EC0-301F-11D3-BF4B-00C04F79EFBC}") = "OChatNew.GUI", "OChatNew.GUI\OChatNew.GUI.csproj", "{8B441371-0D62-41FB-B091-343A91FFB9CC}"
EndProject
Project("{FAE04EC0-301F-11D3-BF4B-00C04F79EFBC}") = "OChatNew.Core", "OChatNew.Core\OChatNew.Core.csproj", "{69CE043D-EBAB-4B75-8FB7-83EBFA3CEC76}"
EndProject
Project("{FAE04EC0-301F-11D3-BF4B-00C04F79EFBC}") = "OChatNew.ConsoleApplication", "OChatNew.ConsoleApplication\OChatNew.ConsoleApplication.csproj", "{3B45C34B-2595-415C-846F-AE4DB42F92D0}"
EndProject
Global
	GlobalSection(SolutionConfigurationPlatforms) = preSolution
		Debug|Any CPU = Debug|Any CPU
		Debug|x64 = Debug|x64
		Release|Any CPU = Release|Any CPU
		Release|x64 = Release|x64
	EndGlobalSection
	GlobalSection(ProjectConfigurationPlatforms) = postSolution
		{8B441371-0D62-41FB-B091-343A91FFB9CC}.Debug|Any CPU.ActiveCfg = Debug|Any CPU
		{8B441371-0D62-41FB-B091-343A91FFB9CC}.Debug|Any CPU.Build.0 = Debug|Any CPU
		{8B441371-0D62-41FB-B091-343A91FFB9CC}.Debug|x64.ActiveCfg = Debug|x64
		{8B441371-0D62-41FB-B091-343A91FFB9CC}.Debug|x64.Build.0 = Debug|x64
		{8B441371-0D62-41FB-B091-343A91FFB9CC}.Release|Any CPU.ActiveCfg = Release|Any CPU
		{8B441371-0D62-41FB-B091-343A91FFB9CC}.Release|Any CPU.Build.0 = Release|Any CPU
		{8B441371-0D62-41FB-B091-343A91FFB9CC}.Release|x64.ActiveCfg = Release|x64
		{8B441371-0D62-41FB-B091-343A91FFB9CC}.Release|x64.Build.0 = Release|x64
		{69CE043D-EBAB-4B75-8FB7-83EBFA3CEC76}.Debug|Any CPU.ActiveCfg = Debug|Any CPU
		{69CE043D-EBAB-4B75-8FB7-83EBFA3CEC76}.Debug|Any CPU.Build.0 = Debug|Any CPU
		{69CE043D-EBAB-4B75-8FB7-83EBFA3CEC76}.Debug|x64.ActiveCfg = Debug|x64
		{69CE043D-EBAB-4B75-8FB7-83EBFA3CEC76}.Debug|x64.Build.0 = Debug|x64
		{69CE043D-EBAB-4B75-8FB7-83EBFA3CEC76}.Release|Any CPU.ActiveCfg = Release|Any CPU
		{69CE043D-EBAB-4B75-8FB7-83EBFA3CEC76}.Release|Any CPU.Build.0 = Release|Any CPU
		{69CE043D-EBAB-4B75-8FB7-83EBFA3CEC76}.Release|x64.ActiveCfg = Release|x64
		{69CE043D-EBAB-4B75-8FB7-83EBFA3CEC76}.Release|x64.Build.0 = Release|x64
		{3B45C34B-2595-415C-846F-AE4DB42F92D0}.Debug|Any CPU.ActiveCfg = Debug|Any CPU
		{3B45C34B-2595-415C-846F-AE4DB42F92D0}.Debug|Any CPU.Build.0 = Debug|Any CPU
		{3B45C34B-2595-415C-846F-AE4DB42F92D0}.Debug|x64.ActiveCfg = Debug|x64
		{3B45C34B-2595-415C-846F-AE4DB42F92D0}.Debug|x64.Build.0 = Debug|x64
		{3B45C34B-2595-415C-846F-AE4DB42F92D0}.Release|Any CPU.ActiveCfg = Release|Any CPU
		{3B45C34B-2595-415C-846F-AE4DB42F92D0}.Release|Any CPU.Build.0 = Release|Any CPU
		{3B45C34B-2595-415C-846F-AE4DB42F92D0}.Release|x64.ActiveCfg = Release|x64
		{3B45C34B-2595-415C-846F-AE4DB42F92D0}.Release|x64.Build.0 = Release|x64
	EndGlobalSection
	GlobalSection(SolutionProperties) = preSolution
		HideSolutionNode = FALSE
	EndGlobalSection
	GlobalSection(ExtensibilityGlobals) = postSolution
		SolutionGuid = {AD0460DF-C2EB-472E-A511-1513B78E7AE2}
	EndGlobalSection
EndGlobal
